{
  "name": "mimo-code-proxy",
  "version": "1.0.0",
  "lockfileVersion": 3,
  "requires": true,
  "packages": {
    "": {
      "name": "mimo-code-proxy",
      "version": "1.0.0",
      "license": "MIT",
      "dependencies": {
        "@pedrofariasx/toolstream": "^0.3.0",
        "jsonrepair": "^3.15.0"
      },
      "bin": {
        "mimo-proxy": "mimo-proxy.js"
      },
      "engines": {
        "node": ">=18"
      }
    },
    "node_modules/@pedrofariasx/toolstream": {
      "version": "0.3.0",
      "resolved": "https://registry.npmjs.org/@pedrofariasx/toolstream/-/toolstream-0.3.0.tgz",
      "integrity": "sha512-TSKumeQN/z2ZzsJpn73wxp2m8ViPA7IcJdOpZP7Y4qC6M/MhIc7y8IOiT+6Edv6PqPRxoQD8qb4WlJxf+NnZ8Q==",
      "hasInstallScript": true,
      "license": "MIT",
      "engines": {
        "node": ">=18.0.0"
      }
    },
    "node_modules/jsonrepair": {
      "version": "3.15.0",
      "resolved": "https://registry.npmjs.org/jsonrepair/-/jsonrepair-3.15.0.tgz",
      "integrity": "sha512-wy8OTjwsJwQRnQJkKnMJJ9vcytRdBPAgIF/Hy6+s1dAj42BHMKiyL8JzEieIl3JY7idt8eyHwBWTO8mh/+mtwA==",
      "license": "ISC",
      "bin": {
        "jsonrepair": "bin/cli.js"
      }
    }
  }
}
